
Microsoft Visual Studio Solution File, Format Version 12.00
# Visual Studio Version 17
VisualStudioVersion = 17.11.35219.272
MinimumVisualStudioVersion = 10.0.40219.1
Project("{FAE04EC0-301F-11D3-BF4B-00C04F79EFBC}") = "AngularApp1.Server", "AngularApp1.Server\AngularApp1.Server.csproj", "{3E0F9428-B4E5-409D-9C3C-38476D7C0C7E}"
EndProject
Project("{54A90642-561A-4BB1-A94E-469ADEE60C69}") = "angularapp1.client", "angularapp1.client\angularapp1.client.esproj", "{CEBF42CF-9565-4D07-96A8-C378A6E67631}"
EndProject
Global
	GlobalSection(SolutionConfigurationPlatforms) = preSolution
		Debug|Any CPU = Debug|Any CPU
		Release|Any CPU = Release|Any CPU
	EndGlobalSection
	GlobalSection(ProjectConfigurationPlatforms) = postSolution
		{3E0F9428-B4E5-409D-9C3C-38476D7C0C7E}.Debug|Any CPU.ActiveCfg = Debug|Any CPU
		{3E0F9428-B4E5-409D-9C3C-38476D7C0C7E}.Debug|Any CPU.Build.0 = Debug|Any CPU
		{3E0F9428-B4E5-409D-9C3C-38476D7C0C7E}.Release|Any CPU.ActiveCfg = Release|Any CPU
		{3E0F9428-B4E5-409D-9C3C-38476D7C0C7E}.Release|Any CPU.Build.0 = Release|Any CPU
		{CEBF42CF-9565-4D07-96A8-C378A6E67631}.Debug|Any CPU.ActiveCfg = Debug|Any CPU
		{CEBF42CF-9565-4D07-96A8-C378A6E67631}.Debug|Any CPU.Build.0 = Debug|Any CPU
		{CEBF42CF-9565-4D07-96A8-C378A6E67631}.Debug|Any CPU.Deploy.0 = Debug|Any CPU
		{CEBF42CF-9565-4D07-96A8-C378A6E67631}.Release|Any CPU.ActiveCfg = Release|Any CPU
		{CEBF42CF-9565-4D07-96A8-C378A6E67631}.Release|Any CPU.Build.0 = Release|Any CPU
		{CEBF42CF-9565-4D07-96A8-C378A6E67631}.Release|Any CPU.Deploy.0 = Release|Any CPU
	EndGlobalSection
	GlobalSection(SolutionProperties) = preSolution
		HideSolutionNode = FALSE
	EndGlobalSection
	GlobalSection(ExtensibilityGlobals) = postSolution
		SolutionGuid = {FC1B9241-2848-4541-BBF5-266902608E13}
	EndGlobalSection
EndGlobal
